
Microsoft Visual Studio Solution File, Format Version 12.00
# Visual Studio Version 16
VisualStudioVersion = 16.0.29230.47
MinimumVisualStudioVersion = 10.0.40219.1
Project("{FAE04EC0-301F-11D3-BF4B-00C04F79EFBC}") = "Exercise4TailoringWorkshop", "Exercise4TailoringWorkshop.csproj", "{2273286E-0F16-488C-9BAA-B3C6706D2654}"
EndProject
Global
	GlobalSection(SolutionConfigurationPlatforms) = preSolution
		Debug|Any CPU = Debug|Any CPU
		Release|Any CPU = Release|Any CPU
	EndGlobalSection
	GlobalSection(ProjectConfigurationPlatforms) = postSolution
		{2273286E-0F16-488C-9BAA-B3C6706D2654}.Debug|Any CPU.ActiveCfg = Debug|Any CPU
		{2273286E-0F16-488C-9BAA-B3C6706D2654}.Debug|Any CPU.Build.0 = Debug|Any CPU
		{2273286E-0F16-488C-9BAA-B3C6706D2654}.Release|Any CPU.ActiveCfg = Release|Any CPU
		{2273286E-0F16-488C-9BAA-B3C6706D2654}.Release|Any CPU.Build.0 = Release|Any CPU
	EndGlobalSection
	GlobalSection(SolutionProperties) = preSolution
		HideSolutionNode = FALSE
	EndGlobalSection
	GlobalSection(ExtensibilityGlobals) = postSolution
		SolutionGuid = {3E72CC8E-F9E8-455A-A488-342495D925B3}
	EndGlobalSection
EndGlobal
