
Microsoft Visual Studio Solution File, Format Version 12.00
# Visual Studio Version 16
VisualStudioVersion = 16.0.29230.47
MinimumVisualStudioVersion = 10.0.40219.1
Project("{FAE04EC0-301F-11D3-BF4B-00C04F79EFBC}") = "YardGreening", "YardGreening.csproj", "{4EDF0583-AB0E-4340-958E-F6F0BDBC489A}"
EndProject
Global
	GlobalSection(SolutionConfigurationPlatforms) = preSolution
		Debug|Any CPU = Debug|Any CPU
		Release|Any CPU = Release|Any CPU
	EndGlobalSection
	GlobalSection(ProjectConfigurationPlatforms) = postSolution
		{4EDF0583-AB0E-4340-958E-F6F0BDBC489A}.Debug|Any CPU.ActiveCfg = Debug|Any CPU
		{4EDF0583-AB0E-4340-958E-F6F0BDBC489A}.Debug|Any CPU.Build.0 = Debug|Any CPU
		{4EDF0583-AB0E-4340-958E-F6F0BDBC489A}.Release|Any CPU.ActiveCfg = Release|Any CPU
		{4EDF0583-AB0E-4340-958E-F6F0BDBC489A}.Release|Any CPU.Build.0 = Release|Any CPU
	EndGlobalSection
	GlobalSection(SolutionProperties) = preSolution
		HideSolutionNode = FALSE
	EndGlobalSection
	GlobalSection(ExtensibilityGlobals) = postSolution
		SolutionGuid = {F042CA77-7AF6-4A59-B6D3-6C399E5884B7}
	EndGlobalSection
EndGlobal
