
Microsoft Visual Studio Solution File, Format Version 12.00
# Visual Studio Version 16
VisualStudioVersion = 16.0.29230.47
MinimumVisualStudioVersion = 10.0.40219.1
Project("{FAE04EC0-301F-11D3-BF4B-00C04F79EFBC}") = "ChristmasMarket", "ChristmasMarket.csproj", "{37BC565D-545B-4B74-B178-7DCE4D2E2384}"
EndProject
Global
	GlobalSection(SolutionConfigurationPlatforms) = preSolution
		Debug|Any CPU = Debug|Any CPU
		Release|Any CPU = Release|Any CPU
	EndGlobalSection
	GlobalSection(ProjectConfigurationPlatforms) = postSolution
		{37BC565D-545B-4B74-B178-7DCE4D2E2384}.Debug|Any CPU.ActiveCfg = Debug|Any CPU
		{37BC565D-545B-4B74-B178-7DCE4D2E2384}.Debug|Any CPU.Build.0 = Debug|Any CPU
		{37BC565D-545B-4B74-B178-7DCE4D2E2384}.Release|Any CPU.ActiveCfg = Release|Any CPU
		{37BC565D-545B-4B74-B178-7DCE4D2E2384}.Release|Any CPU.Build.0 = Release|Any CPU
	EndGlobalSection
	GlobalSection(SolutionProperties) = preSolution
		HideSolutionNode = FALSE
	EndGlobalSection
	GlobalSection(ExtensibilityGlobals) = postSolution
		SolutionGuid = {974A0CC0-5E11-46B0-83B4-319A427DE718}
	EndGlobalSection
EndGlobal
