
Microsoft Visual Studio Solution File, Format Version 12.00
# Visual Studio Version 16
VisualStudioVersion = 16.0.29230.47
MinimumVisualStudioVersion = 10.0.40219.1
Project("{FAE04EC0-301F-11D3-BF4B-00C04F79EFBC}") = "BirdFarm", "BirdFarm.csproj", "{DDEC407F-04A6-44E1-B2DA-6F74F400DEEA}"
EndProject
Global
	GlobalSection(SolutionConfigurationPlatforms) = preSolution
		Debug|Any CPU = Debug|Any CPU
		Release|Any CPU = Release|Any CPU
	EndGlobalSection
	GlobalSection(ProjectConfigurationPlatforms) = postSolution
		{DDEC407F-04A6-44E1-B2DA-6F74F400DEEA}.Debug|Any CPU.ActiveCfg = Debug|Any CPU
		{DDEC407F-04A6-44E1-B2DA-6F74F400DEEA}.Debug|Any CPU.Build.0 = Debug|Any CPU
		{DDEC407F-04A6-44E1-B2DA-6F74F400DEEA}.Release|Any CPU.ActiveCfg = Release|Any CPU
		{DDEC407F-04A6-44E1-B2DA-6F74F400DEEA}.Release|Any CPU.Build.0 = Release|Any CPU
	EndGlobalSection
	GlobalSection(SolutionProperties) = preSolution
		HideSolutionNode = FALSE
	EndGlobalSection
	GlobalSection(ExtensibilityGlobals) = postSolution
		SolutionGuid = {A47F301A-7D03-4D02-B376-F7B64A8D78F8}
	EndGlobalSection
EndGlobal
