
Microsoft Visual Studio Solution File, Format Version 12.00
# Visual Studio Version 16
VisualStudioVersion = 16.0.29230.47
MinimumVisualStudioVersion = 10.0.40219.1
Project("{FAE04EC0-301F-11D3-BF4B-00C04F79EFBC}") = "GraduationPt2", "GraduationPt2.csproj", "{DC393ED8-E8D8-4D60-8B5A-2E529D94CCE7}"
EndProject
Global
	GlobalSection(SolutionConfigurationPlatforms) = preSolution
		Debug|Any CPU = Debug|Any CPU
		Release|Any CPU = Release|Any CPU
	EndGlobalSection
	GlobalSection(ProjectConfigurationPlatforms) = postSolution
		{DC393ED8-E8D8-4D60-8B5A-2E529D94CCE7}.Debug|Any CPU.ActiveCfg = Debug|Any CPU
		{DC393ED8-E8D8-4D60-8B5A-2E529D94CCE7}.Debug|Any CPU.Build.0 = Debug|Any CPU
		{DC393ED8-E8D8-4D60-8B5A-2E529D94CCE7}.Release|Any CPU.ActiveCfg = Release|Any CPU
		{DC393ED8-E8D8-4D60-8B5A-2E529D94CCE7}.Release|Any CPU.Build.0 = Release|Any CPU
	EndGlobalSection
	GlobalSection(SolutionProperties) = preSolution
		HideSolutionNode = FALSE
	EndGlobalSection
	GlobalSection(ExtensibilityGlobals) = postSolution
		SolutionGuid = {75FB1393-3E61-44D1-AF3B-3C2548707097}
	EndGlobalSection
EndGlobal
