
Microsoft Visual Studio Solution File, Format Version 12.00
# Visual Studio Version 16
VisualStudioVersion = 16.0.29230.47
MinimumVisualStudioVersion = 10.0.40219.1
Project("{FAE04EC0-301F-11D3-BF4B-00C04F79EFBC}") = "Salary", "Salary.csproj", "{9EA6FB3F-56B3-4D2A-8BBC-27773474016E}"
EndProject
Global
	GlobalSection(SolutionConfigurationPlatforms) = preSolution
		Debug|Any CPU = Debug|Any CPU
		Release|Any CPU = Release|Any CPU
	EndGlobalSection
	GlobalSection(ProjectConfigurationPlatforms) = postSolution
		{9EA6FB3F-56B3-4D2A-8BBC-27773474016E}.Debug|Any CPU.ActiveCfg = Debug|Any CPU
		{9EA6FB3F-56B3-4D2A-8BBC-27773474016E}.Debug|Any CPU.Build.0 = Debug|Any CPU
		{9EA6FB3F-56B3-4D2A-8BBC-27773474016E}.Release|Any CPU.ActiveCfg = Release|Any CPU
		{9EA6FB3F-56B3-4D2A-8BBC-27773474016E}.Release|Any CPU.Build.0 = Release|Any CPU
	EndGlobalSection
	GlobalSection(SolutionProperties) = preSolution
		HideSolutionNode = FALSE
	EndGlobalSection
	GlobalSection(ExtensibilityGlobals) = postSolution
		SolutionGuid = {CC22927A-2747-4696-BF11-319E8BE378BD}
	EndGlobalSection
EndGlobal
