
Microsoft Visual Studio Solution File, Format Version 12.00
# Visual Studio Version 16
VisualStudioVersion = 16.0.29230.47
MinimumVisualStudioVersion = 10.0.40219.1
Project("{FAE04EC0-301F-11D3-BF4B-00C04F79EFBC}") = "HotelRoom", "HotelRoom.csproj", "{D271FF9B-AB9C-47E6-8B75-46678C16FAC4}"
EndProject
Global
	GlobalSection(SolutionConfigurationPlatforms) = preSolution
		Debug|Any CPU = Debug|Any CPU
		Release|Any CPU = Release|Any CPU
	EndGlobalSection
	GlobalSection(ProjectConfigurationPlatforms) = postSolution
		{D271FF9B-AB9C-47E6-8B75-46678C16FAC4}.Debug|Any CPU.ActiveCfg = Debug|Any CPU
		{D271FF9B-AB9C-47E6-8B75-46678C16FAC4}.Debug|Any CPU.Build.0 = Debug|Any CPU
		{D271FF9B-AB9C-47E6-8B75-46678C16FAC4}.Release|Any CPU.ActiveCfg = Release|Any CPU
		{D271FF9B-AB9C-47E6-8B75-46678C16FAC4}.Release|Any CPU.Build.0 = Release|Any CPU
	EndGlobalSection
	GlobalSection(SolutionProperties) = preSolution
		HideSolutionNode = FALSE
	EndGlobalSection
	GlobalSection(ExtensibilityGlobals) = postSolution
		SolutionGuid = {49062442-3035-4414-960D-EBDEA633F8DB}
	EndGlobalSection
EndGlobal
