
Microsoft Visual Studio Solution File, Format Version 12.00
# Visual Studio Version 16
VisualStudioVersion = 16.0.29230.47
MinimumVisualStudioVersion = 10.0.40219.1
Project("{FAE04EC0-301F-11D3-BF4B-00C04F79EFBC}") = "NumberFrom1to9toText", "NumberFrom1to9toText.csproj", "{C6D53829-B4DE-4895-B4B3-215C056ECFB3}"
EndProject
Global
	GlobalSection(SolutionConfigurationPlatforms) = preSolution
		Debug|Any CPU = Debug|Any CPU
		Release|Any CPU = Release|Any CPU
	EndGlobalSection
	GlobalSection(ProjectConfigurationPlatforms) = postSolution
		{C6D53829-B4DE-4895-B4B3-215C056ECFB3}.Debug|Any CPU.ActiveCfg = Debug|Any CPU
		{C6D53829-B4DE-4895-B4B3-215C056ECFB3}.Debug|Any CPU.Build.0 = Debug|Any CPU
		{C6D53829-B4DE-4895-B4B3-215C056ECFB3}.Release|Any CPU.ActiveCfg = Release|Any CPU
		{C6D53829-B4DE-4895-B4B3-215C056ECFB3}.Release|Any CPU.Build.0 = Release|Any CPU
	EndGlobalSection
	GlobalSection(SolutionProperties) = preSolution
		HideSolutionNode = FALSE
	EndGlobalSection
	GlobalSection(ExtensibilityGlobals) = postSolution
		SolutionGuid = {740C017F-5833-4EB8-BF5E-68A19AF72489}
	EndGlobalSection
EndGlobal
