
Microsoft Visual Studio Solution File, Format Version 12.00
# Visual Studio Version 16
VisualStudioVersion = 16.0.29230.47
MinimumVisualStudioVersion = 10.0.40219.1
Project("{FAE04EC0-301F-11D3-BF4B-00C04F79EFBC}") = "NewHouse", "NewHouse.csproj", "{858D1121-98BF-4837-85BB-B80040B7B3DF}"
EndProject
Global
	GlobalSection(SolutionConfigurationPlatforms) = preSolution
		Debug|Any CPU = Debug|Any CPU
		Release|Any CPU = Release|Any CPU
	EndGlobalSection
	GlobalSection(ProjectConfigurationPlatforms) = postSolution
		{858D1121-98BF-4837-85BB-B80040B7B3DF}.Debug|Any CPU.ActiveCfg = Debug|Any CPU
		{858D1121-98BF-4837-85BB-B80040B7B3DF}.Debug|Any CPU.Build.0 = Debug|Any CPU
		{858D1121-98BF-4837-85BB-B80040B7B3DF}.Release|Any CPU.ActiveCfg = Release|Any CPU
		{858D1121-98BF-4837-85BB-B80040B7B3DF}.Release|Any CPU.Build.0 = Release|Any CPU
	EndGlobalSection
	GlobalSection(SolutionProperties) = preSolution
		HideSolutionNode = FALSE
	EndGlobalSection
	GlobalSection(ExtensibilityGlobals) = postSolution
		SolutionGuid = {275411B1-4B34-4246-8AB8-9FDF252D9D26}
	EndGlobalSection
EndGlobal
