
Microsoft Visual Studio Solution File, Format Version 12.00
# Visual Studio Version 16
VisualStudioVersion = 16.0.29230.47
MinimumVisualStudioVersion = 10.0.40219.1
Project("{FAE04EC0-301F-11D3-BF4B-00C04F79EFBC}") = "BachelorParty", "BachelorParty.csproj", "{F845B82C-173B-4275-95B2-C6DC803CA261}"
EndProject
Global
	GlobalSection(SolutionConfigurationPlatforms) = preSolution
		Debug|Any CPU = Debug|Any CPU
		Release|Any CPU = Release|Any CPU
	EndGlobalSection
	GlobalSection(ProjectConfigurationPlatforms) = postSolution
		{F845B82C-173B-4275-95B2-C6DC803CA261}.Debug|Any CPU.ActiveCfg = Debug|Any CPU
		{F845B82C-173B-4275-95B2-C6DC803CA261}.Debug|Any CPU.Build.0 = Debug|Any CPU
		{F845B82C-173B-4275-95B2-C6DC803CA261}.Release|Any CPU.ActiveCfg = Release|Any CPU
		{F845B82C-173B-4275-95B2-C6DC803CA261}.Release|Any CPU.Build.0 = Release|Any CPU
	EndGlobalSection
	GlobalSection(SolutionProperties) = preSolution
		HideSolutionNode = FALSE
	EndGlobalSection
	GlobalSection(ExtensibilityGlobals) = postSolution
		SolutionGuid = {0CD896AD-CCEC-4300-AF28-7879A0A96D2D}
	EndGlobalSection
EndGlobal
