
Microsoft Visual Studio Solution File, Format Version 12.00
# Visual Studio Version 16
VisualStudioVersion = 16.0.29230.47
MinimumVisualStudioVersion = 10.0.40219.1
Project("{FAE04EC0-301F-11D3-BF4B-00C04F79EFBC}") = "HighJump", "HighJump.csproj", "{3647241E-B5DB-4FC2-A77B-EA13C76D3824}"
EndProject
Global
	GlobalSection(SolutionConfigurationPlatforms) = preSolution
		Debug|Any CPU = Debug|Any CPU
		Release|Any CPU = Release|Any CPU
	EndGlobalSection
	GlobalSection(ProjectConfigurationPlatforms) = postSolution
		{3647241E-B5DB-4FC2-A77B-EA13C76D3824}.Debug|Any CPU.ActiveCfg = Debug|Any CPU
		{3647241E-B5DB-4FC2-A77B-EA13C76D3824}.Debug|Any CPU.Build.0 = Debug|Any CPU
		{3647241E-B5DB-4FC2-A77B-EA13C76D3824}.Release|Any CPU.ActiveCfg = Release|Any CPU
		{3647241E-B5DB-4FC2-A77B-EA13C76D3824}.Release|Any CPU.Build.0 = Release|Any CPU
	EndGlobalSection
	GlobalSection(SolutionProperties) = preSolution
		HideSolutionNode = FALSE
	EndGlobalSection
	GlobalSection(ExtensibilityGlobals) = postSolution
		SolutionGuid = {27B68840-7FEB-4E12-B996-E9E10332D3DC}
	EndGlobalSection
EndGlobal
