
Microsoft Visual Studio Solution File, Format Version 12.00
# Visual Studio Version 16
VisualStudioVersion = 16.0.29230.47
MinimumVisualStudioVersion = 10.0.40219.1
Project("{FAE04EC0-301F-11D3-BF4B-00C04F79EFBC}") = "Coins", "Coins.csproj", "{BF1C1B16-8944-4B16-A9A2-A6C2F0783B01}"
EndProject
Global
	GlobalSection(SolutionConfigurationPlatforms) = preSolution
		Debug|Any CPU = Debug|Any CPU
		Release|Any CPU = Release|Any CPU
	EndGlobalSection
	GlobalSection(ProjectConfigurationPlatforms) = postSolution
		{BF1C1B16-8944-4B16-A9A2-A6C2F0783B01}.Debug|Any CPU.ActiveCfg = Debug|Any CPU
		{BF1C1B16-8944-4B16-A9A2-A6C2F0783B01}.Debug|Any CPU.Build.0 = Debug|Any CPU
		{BF1C1B16-8944-4B16-A9A2-A6C2F0783B01}.Release|Any CPU.ActiveCfg = Release|Any CPU
		{BF1C1B16-8944-4B16-A9A2-A6C2F0783B01}.Release|Any CPU.Build.0 = Release|Any CPU
	EndGlobalSection
	GlobalSection(SolutionProperties) = preSolution
		HideSolutionNode = FALSE
	EndGlobalSection
	GlobalSection(ExtensibilityGlobals) = postSolution
		SolutionGuid = {B13E1840-6507-42C7-B6DF-CCB83537F8B2}
	EndGlobalSection
EndGlobal
