
Microsoft Visual Studio Solution File, Format Version 12.00
# Visual Studio Version 16
VisualStudioVersion = 16.0.29230.47
MinimumVisualStudioVersion = 10.0.40219.1
Project("{FAE04EC0-301F-11D3-BF4B-00C04F79EFBC}") = "EasterDecoration", "EasterDecoration.csproj", "{2AE6AB35-7F7C-4F56-AFE5-F69299E95D15}"
EndProject
Global
	GlobalSection(SolutionConfigurationPlatforms) = preSolution
		Debug|Any CPU = Debug|Any CPU
		Release|Any CPU = Release|Any CPU
	EndGlobalSection
	GlobalSection(ProjectConfigurationPlatforms) = postSolution
		{2AE6AB35-7F7C-4F56-AFE5-F69299E95D15}.Debug|Any CPU.ActiveCfg = Debug|Any CPU
		{2AE6AB35-7F7C-4F56-AFE5-F69299E95D15}.Debug|Any CPU.Build.0 = Debug|Any CPU
		{2AE6AB35-7F7C-4F56-AFE5-F69299E95D15}.Release|Any CPU.ActiveCfg = Release|Any CPU
		{2AE6AB35-7F7C-4F56-AFE5-F69299E95D15}.Release|Any CPU.Build.0 = Release|Any CPU
	EndGlobalSection
	GlobalSection(SolutionProperties) = preSolution
		HideSolutionNode = FALSE
	EndGlobalSection
	GlobalSection(ExtensibilityGlobals) = postSolution
		SolutionGuid = {D5588AB1-CC38-4DF6-B743-DBE0EE193F30}
	EndGlobalSection
EndGlobal
