
Microsoft Visual Studio Solution File, Format Version 12.00
# Visual Studio Version 16
VisualStudioVersion = 16.0.29230.47
MinimumVisualStudioVersion = 10.0.40219.1
Project("{FAE04EC0-301F-11D3-BF4B-00C04F79EFBC}") = "ForNumbersFrom1to100", "ForNumbersFrom1to100.csproj", "{D58B4C4A-33BD-49A6-8F50-517819D2E859}"
EndProject
Global
	GlobalSection(SolutionConfigurationPlatforms) = preSolution
		Debug|Any CPU = Debug|Any CPU
		Release|Any CPU = Release|Any CPU
	EndGlobalSection
	GlobalSection(ProjectConfigurationPlatforms) = postSolution
		{D58B4C4A-33BD-49A6-8F50-517819D2E859}.Debug|Any CPU.ActiveCfg = Debug|Any CPU
		{D58B4C4A-33BD-49A6-8F50-517819D2E859}.Debug|Any CPU.Build.0 = Debug|Any CPU
		{D58B4C4A-33BD-49A6-8F50-517819D2E859}.Release|Any CPU.ActiveCfg = Release|Any CPU
		{D58B4C4A-33BD-49A6-8F50-517819D2E859}.Release|Any CPU.Build.0 = Release|Any CPU
	EndGlobalSection
	GlobalSection(SolutionProperties) = preSolution
		HideSolutionNode = FALSE
	EndGlobalSection
	GlobalSection(ExtensibilityGlobals) = postSolution
		SolutionGuid = {E63F9AC0-C719-4054-B361-147DCF9410FE}
	EndGlobalSection
EndGlobal
