
Microsoft Visual Studio Solution File, Format Version 12.00
# Visual Studio Version 16
VisualStudioVersion = 16.0.29230.47
MinimumVisualStudioVersion = 10.0.40219.1
Project("{FAE04EC0-301F-11D3-BF4B-00C04F79EFBC}") = "Spaceship", "Spaceship.csproj", "{9E9C0FDD-8845-467C-A88A-B9315DB2CD18}"
EndProject
Global
	GlobalSection(SolutionConfigurationPlatforms) = preSolution
		Debug|Any CPU = Debug|Any CPU
		Release|Any CPU = Release|Any CPU
	EndGlobalSection
	GlobalSection(ProjectConfigurationPlatforms) = postSolution
		{9E9C0FDD-8845-467C-A88A-B9315DB2CD18}.Debug|Any CPU.ActiveCfg = Debug|Any CPU
		{9E9C0FDD-8845-467C-A88A-B9315DB2CD18}.Debug|Any CPU.Build.0 = Debug|Any CPU
		{9E9C0FDD-8845-467C-A88A-B9315DB2CD18}.Release|Any CPU.ActiveCfg = Release|Any CPU
		{9E9C0FDD-8845-467C-A88A-B9315DB2CD18}.Release|Any CPU.Build.0 = Release|Any CPU
	EndGlobalSection
	GlobalSection(SolutionProperties) = preSolution
		HideSolutionNode = FALSE
	EndGlobalSection
	GlobalSection(ExtensibilityGlobals) = postSolution
		SolutionGuid = {48880007-84B7-44BB-9554-22D125529800}
	EndGlobalSection
EndGlobal
