
Microsoft Visual Studio Solution File, Format Version 12.00
# Visual Studio Version 16
VisualStudioVersion = 16.0.29230.47
MinimumVisualStudioVersion = 10.0.40219.1
Project("{FAE04EC0-301F-11D3-BF4B-00C04F79EFBC}") = "LeftAndRightSum", "LeftAndRightSum.csproj", "{A1F7C541-C0F8-489B-AABB-EC7F50F61B7E}"
EndProject
Global
	GlobalSection(SolutionConfigurationPlatforms) = preSolution
		Debug|Any CPU = Debug|Any CPU
		Release|Any CPU = Release|Any CPU
	EndGlobalSection
	GlobalSection(ProjectConfigurationPlatforms) = postSolution
		{A1F7C541-C0F8-489B-AABB-EC7F50F61B7E}.Debug|Any CPU.ActiveCfg = Debug|Any CPU
		{A1F7C541-C0F8-489B-AABB-EC7F50F61B7E}.Debug|Any CPU.Build.0 = Debug|Any CPU
		{A1F7C541-C0F8-489B-AABB-EC7F50F61B7E}.Release|Any CPU.ActiveCfg = Release|Any CPU
		{A1F7C541-C0F8-489B-AABB-EC7F50F61B7E}.Release|Any CPU.Build.0 = Release|Any CPU
	EndGlobalSection
	GlobalSection(SolutionProperties) = preSolution
		HideSolutionNode = FALSE
	EndGlobalSection
	GlobalSection(ExtensibilityGlobals) = postSolution
		SolutionGuid = {3EA94300-DC33-4C7F-AAC5-1DF5FBF18914}
	EndGlobalSection
EndGlobal
