
Microsoft Visual Studio Solution File, Format Version 12.00
# Visual Studio Version 16
VisualStudioVersion = 16.0.29230.47
MinimumVisualStudioVersion = 10.0.40219.1
Project("{FAE04EC0-301F-11D3-BF4B-00C04F79EFBC}") = "SumDigits", "SumDigits.csproj", "{3D87FE5C-BD9E-41B0-BEBC-DB6D46D342A0}"
EndProject
Global
	GlobalSection(SolutionConfigurationPlatforms) = preSolution
		Debug|Any CPU = Debug|Any CPU
		Release|Any CPU = Release|Any CPU
	EndGlobalSection
	GlobalSection(ProjectConfigurationPlatforms) = postSolution
		{3D87FE5C-BD9E-41B0-BEBC-DB6D46D342A0}.Debug|Any CPU.ActiveCfg = Debug|Any CPU
		{3D87FE5C-BD9E-41B0-BEBC-DB6D46D342A0}.Debug|Any CPU.Build.0 = Debug|Any CPU
		{3D87FE5C-BD9E-41B0-BEBC-DB6D46D342A0}.Release|Any CPU.ActiveCfg = Release|Any CPU
		{3D87FE5C-BD9E-41B0-BEBC-DB6D46D342A0}.Release|Any CPU.Build.0 = Release|Any CPU
	EndGlobalSection
	GlobalSection(SolutionProperties) = preSolution
		HideSolutionNode = FALSE
	EndGlobalSection
	GlobalSection(ExtensibilityGlobals) = postSolution
		SolutionGuid = {9A889C5A-C540-492F-8EA2-81955D01DE83}
	EndGlobalSection
EndGlobal
