
Microsoft Visual Studio Solution File, Format Version 12.00
# Visual Studio Version 16
VisualStudioVersion = 16.0.29230.47
MinimumVisualStudioVersion = 10.0.40219.1
Project("{FAE04EC0-301F-11D3-BF4B-00C04F79EFBC}") = "EqualPairs", "EqualPairs.csproj", "{31E676B2-7043-4B49-B57A-F19E562041D2}"
EndProject
Global
	GlobalSection(SolutionConfigurationPlatforms) = preSolution
		Debug|Any CPU = Debug|Any CPU
		Release|Any CPU = Release|Any CPU
	EndGlobalSection
	GlobalSection(ProjectConfigurationPlatforms) = postSolution
		{31E676B2-7043-4B49-B57A-F19E562041D2}.Debug|Any CPU.ActiveCfg = Debug|Any CPU
		{31E676B2-7043-4B49-B57A-F19E562041D2}.Debug|Any CPU.Build.0 = Debug|Any CPU
		{31E676B2-7043-4B49-B57A-F19E562041D2}.Release|Any CPU.ActiveCfg = Release|Any CPU
		{31E676B2-7043-4B49-B57A-F19E562041D2}.Release|Any CPU.Build.0 = Release|Any CPU
	EndGlobalSection
	GlobalSection(SolutionProperties) = preSolution
		HideSolutionNode = FALSE
	EndGlobalSection
	GlobalSection(ExtensibilityGlobals) = postSolution
		SolutionGuid = {8B2CB6BA-9F2D-4BAD-AF7F-FA5C75F66A29}
	EndGlobalSection
EndGlobal
