
Microsoft Visual Studio Solution File, Format Version 12.00
# Visual Studio Version 16
VisualStudioVersion = 16.0.29230.47
MinimumVisualStudioVersion = 10.0.40219.1
Project("{FAE04EC0-301F-11D3-BF4B-00C04F79EFBC}") = "MaidenParty", "MaidenParty.csproj", "{5255AB2C-3BF0-42FD-A97E-DDA489EB7E1D}"
EndProject
Global
	GlobalSection(SolutionConfigurationPlatforms) = preSolution
		Debug|Any CPU = Debug|Any CPU
		Release|Any CPU = Release|Any CPU
	EndGlobalSection
	GlobalSection(ProjectConfigurationPlatforms) = postSolution
		{5255AB2C-3BF0-42FD-A97E-DDA489EB7E1D}.Debug|Any CPU.ActiveCfg = Debug|Any CPU
		{5255AB2C-3BF0-42FD-A97E-DDA489EB7E1D}.Debug|Any CPU.Build.0 = Debug|Any CPU
		{5255AB2C-3BF0-42FD-A97E-DDA489EB7E1D}.Release|Any CPU.ActiveCfg = Release|Any CPU
		{5255AB2C-3BF0-42FD-A97E-DDA489EB7E1D}.Release|Any CPU.Build.0 = Release|Any CPU
	EndGlobalSection
	GlobalSection(SolutionProperties) = preSolution
		HideSolutionNode = FALSE
	EndGlobalSection
	GlobalSection(ExtensibilityGlobals) = postSolution
		SolutionGuid = {68DCE489-3F24-4770-B4B5-F3D134E8E3F9}
	EndGlobalSection
EndGlobal
