
Microsoft Visual Studio Solution File, Format Version 12.00
# Visual Studio Version 16
VisualStudioVersion = 16.0.29230.47
MinimumVisualStudioVersion = 10.0.40219.1
Project("{FAE04EC0-301F-11D3-BF4B-00C04F79EFBC}") = "SushiTime", "SushiTime.csproj", "{D271B908-FDD5-491B-9122-FC5D0A10E883}"
EndProject
Global
	GlobalSection(SolutionConfigurationPlatforms) = preSolution
		Debug|Any CPU = Debug|Any CPU
		Release|Any CPU = Release|Any CPU
	EndGlobalSection
	GlobalSection(ProjectConfigurationPlatforms) = postSolution
		{D271B908-FDD5-491B-9122-FC5D0A10E883}.Debug|Any CPU.ActiveCfg = Debug|Any CPU
		{D271B908-FDD5-491B-9122-FC5D0A10E883}.Debug|Any CPU.Build.0 = Debug|Any CPU
		{D271B908-FDD5-491B-9122-FC5D0A10E883}.Release|Any CPU.ActiveCfg = Release|Any CPU
		{D271B908-FDD5-491B-9122-FC5D0A10E883}.Release|Any CPU.Build.0 = Release|Any CPU
	EndGlobalSection
	GlobalSection(SolutionProperties) = preSolution
		HideSolutionNode = FALSE
	EndGlobalSection
	GlobalSection(ExtensibilityGlobals) = postSolution
		SolutionGuid = {7EBA6C5A-86CD-41FA-BEF8-453C76D9B394}
	EndGlobalSection
EndGlobal
