
Microsoft Visual Studio Solution File, Format Version 12.00
# Visual Studio Version 16
VisualStudioVersion = 16.0.29230.47
MinimumVisualStudioVersion = 10.0.40219.1
Project("{FAE04EC0-301F-11D3-BF4B-00C04F79EFBC}") = "Building", "Building.csproj", "{FF21A51A-A6DC-4960-A24D-67D649BCD3FF}"
EndProject
Global
	GlobalSection(SolutionConfigurationPlatforms) = preSolution
		Debug|Any CPU = Debug|Any CPU
		Release|Any CPU = Release|Any CPU
	EndGlobalSection
	GlobalSection(ProjectConfigurationPlatforms) = postSolution
		{FF21A51A-A6DC-4960-A24D-67D649BCD3FF}.Debug|Any CPU.ActiveCfg = Debug|Any CPU
		{FF21A51A-A6DC-4960-A24D-67D649BCD3FF}.Debug|Any CPU.Build.0 = Debug|Any CPU
		{FF21A51A-A6DC-4960-A24D-67D649BCD3FF}.Release|Any CPU.ActiveCfg = Release|Any CPU
		{FF21A51A-A6DC-4960-A24D-67D649BCD3FF}.Release|Any CPU.Build.0 = Release|Any CPU
	EndGlobalSection
	GlobalSection(SolutionProperties) = preSolution
		HideSolutionNode = FALSE
	EndGlobalSection
	GlobalSection(ExtensibilityGlobals) = postSolution
		SolutionGuid = {70DF38B6-4165-4B7B-86FE-0BA8A233C0BE}
	EndGlobalSection
EndGlobal
