
Microsoft Visual Studio Solution File, Format Version 12.00
# Visual Studio Version 16
VisualStudioVersion = 16.0.29230.47
MinimumVisualStudioVersion = 10.0.40219.1
Project("{FAE04EC0-301F-11D3-BF4B-00C04F79EFBC}") = "Expression", "Expression.csproj", "{D17DB370-478D-4DE0-87C1-E1D0CF2F85F3}"
EndProject
Global
	GlobalSection(SolutionConfigurationPlatforms) = preSolution
		Debug|Any CPU = Debug|Any CPU
		Release|Any CPU = Release|Any CPU
	EndGlobalSection
	GlobalSection(ProjectConfigurationPlatforms) = postSolution
		{D17DB370-478D-4DE0-87C1-E1D0CF2F85F3}.Debug|Any CPU.ActiveCfg = Debug|Any CPU
		{D17DB370-478D-4DE0-87C1-E1D0CF2F85F3}.Debug|Any CPU.Build.0 = Debug|Any CPU
		{D17DB370-478D-4DE0-87C1-E1D0CF2F85F3}.Release|Any CPU.ActiveCfg = Release|Any CPU
		{D17DB370-478D-4DE0-87C1-E1D0CF2F85F3}.Release|Any CPU.Build.0 = Release|Any CPU
	EndGlobalSection
	GlobalSection(SolutionProperties) = preSolution
		HideSolutionNode = FALSE
	EndGlobalSection
	GlobalSection(ExtensibilityGlobals) = postSolution
		SolutionGuid = {D305CD08-95DD-4159-BAFC-FDD6E5D7CC89}
	EndGlobalSection
EndGlobal
