
Microsoft Visual Studio Solution File, Format Version 12.00
# Visual Studio Version 16
VisualStudioVersion = 16.0.29230.47
MinimumVisualStudioVersion = 10.0.40219.1
Project("{FAE04EC0-301F-11D3-BF4B-00C04F79EFBC}") = "Nums1to10", "Nums1to10.csproj", "{5F059D9E-A229-4151-AB75-EE0BD4837FED}"
EndProject
Global
	GlobalSection(SolutionConfigurationPlatforms) = preSolution
		Debug|Any CPU = Debug|Any CPU
		Release|Any CPU = Release|Any CPU
	EndGlobalSection
	GlobalSection(ProjectConfigurationPlatforms) = postSolution
		{5F059D9E-A229-4151-AB75-EE0BD4837FED}.Debug|Any CPU.ActiveCfg = Debug|Any CPU
		{5F059D9E-A229-4151-AB75-EE0BD4837FED}.Debug|Any CPU.Build.0 = Debug|Any CPU
		{5F059D9E-A229-4151-AB75-EE0BD4837FED}.Release|Any CPU.ActiveCfg = Release|Any CPU
		{5F059D9E-A229-4151-AB75-EE0BD4837FED}.Release|Any CPU.Build.0 = Release|Any CPU
	EndGlobalSection
	GlobalSection(SolutionProperties) = preSolution
		HideSolutionNode = FALSE
	EndGlobalSection
	GlobalSection(ExtensibilityGlobals) = postSolution
		SolutionGuid = {F05B7768-5F9C-42BE-AD61-92CB06AAAB84}
	EndGlobalSection
EndGlobal
